[[package]]
category = "dev"
description = "Produce colored terminal text with an xml-like markup"
name = "ansimarkup"
optional = false
python-versions = "*"
version = "1.5.0"

[package.dependencies]
colorama = "*"

[package.extras]
devel = ["bumpversion (>=0.5.2)", "check-manifest (>=0.35)", "readme-renderer (>=16.0)", "flake8", "pep8-naming"]
tests = ["tox (>=2.6.0)", "pytest (>=3.0.3)", "pytest-cov (>=2.3.1)"]

[[package]]
category = "dev"
description = "Cross-platform colored terminal text."
name = "colorama"
optional = false
python-versions = ">=2.7, !=3.0.*, !=3.1.*, !=3.2.*, !=3.3.*, !=3.4.*"
version = "0.4.4"

[[package]]
category = "dev"
description = "Python Library for Tom's Obvious, Minimal Language"
name = "toml"
optional = false
python-versions = ">=2.6, !=3.0.*, !=3.1.*, !=3.2.*"
version = "0.10.2"

[metadata]
content-hash = "1c737c0503106091ccfa294d1a50fc553f04d4172e92c0bdbd0a0fcbc85964be"
python-versions = "^3.8"

[metadata.files]
ansimarkup = [
    {file = "ansimarkup-1.5.0-py2.py3-none-any.whl", hash = "sha256:3146ca74af5f69e48a9c3d41b31085c0d6378f803edeb364856d37c11a684acf"},
    {file = "ansimarkup-1.5.0.tar.gz", hash = "sha256:96c65d75bbed07d3dcbda8dbede8c2252c984f90d0ca07434b88a6bbf345fad3"},
]
colorama = [
    {file = "colorama-0.4.4-py2.py3-none-any.whl", hash = "sha256:9f47eda37229f68eee03b24b9748937c7dc3868f906e8ba69fbcbdd3bc5dc3e2"},
    {file = "colorama-0.4.4.tar.gz", hash = "sha256:5941b2b48a20143d2267e95b1c2a7603ce057ee39fd88e7329b0c292aa16869b"},
]
toml = [
    {file = "toml-0.10.2-py2.py3-none-any.whl", hash = "sha256:806143ae5bfb6a3c6e736a764057db0e6a0e05e338b5630894a5f779cabb4f9b"},
    {file = "toml-0.10.2.tar.gz", hash = "sha256:b3bda1d108d5dd99f4a20d24d9c348e91c4db7ab1b749200bded2f839ccbe68f"},
]
